// !$*UTF8*$!
{
	archiveVersion = 1;
	classes = {
	};
	objectVersion = 77;
	objects = {

/* Begin PBXBuildFile section */
		07829B78E8E0F2E2A09256BA /* ContentView.swift in Sources */ = {isa = PBXBuildFile; fileRef = FB7BE2078942903AD7FCCB79 /* ContentView.swift */; };
		33DDF77AFE07CB34CBBFC317 /* DashboardWebView.swift in Sources */ = {isa = PBXBuildFile; fileRef = 888A11143C3E72B4C3B2EBFF /* DashboardWebView.swift */; };
		3EBFA28D29FCE6E488DF258A /* ParthSApp.swift in Sources */ = {isa = PBXBuildFile; fileRef = 2D573EEF245C0E0C39EEFCC6 /* ParthSApp.swift */; };
		B9FDC4496BC4713B224B2281 /* Assets.xcassets in Resources */ = {isa = PBXBuildFile; fileRef = DC9B1C929BF16B97AB22C4F1 /* Assets.xcassets */; };
		CBFA4EAFD7621D94118CAB6D /* BiometricGateView.swift in Sources */ = {isa = PBXBuildFile; fileRef = 30EE4FF6268F0251624F20C1 /* BiometricGateView.swift */; };
/* End PBXBuildFile section */

/* Begin PBXFileReference section */
		2D573EEF245C0E0C39EEFCC6 /* ParthSApp.swift */ = {isa = PBXFileReference; lastKnownFileType = sourcecode.swift; path = ParthSApp.swift; sourceTree = "<group>"; };
		30EE4FF6268F0251624F20C1 /* BiometricGateView.swift */ = {isa = PBXFileReference; lastKnownFileType = sourcecode.swift; path = BiometricGateView.swift; sourceTree = "<group>"; };
		888A11143C3E72B4C3B2EBFF /* DashboardWebView.swift */ = {isa = PBXFileReference; lastKnownFileType = sourcecode.swift; path = DashboardWebView.swift; sourceTree = "<group>"; };
		A9FAD893C4AEB8C158DC3D76 /* Info.plist */ = {isa = PBXFileReference; lastKnownFileType = text.plist; path = Info.plist; sourceTree = "<group>"; };
		D21AABF50B1D28A280C52AFE /* ParthS.app */ = {isa = PBXFileReference; includeInIndex = 0; lastKnownFileType = wrapper.application; path = ParthS.app; sourceTree = BUILT_PRODUCTS_DIR; };
		DC9B1C929BF16B97AB22C4F1 /* Assets.xcassets */ = {isa = PBXFileReference; lastKnownFileType = folder.assetcatalog; path = Assets.xcassets; sourceTree = "<group>"; };
		FB7BE2078942903AD7FCCB79 /* ContentView.swift */ = {isa = PBXFileReference; lastKnownFileType = sourcecode.swift; path = ContentView.swift; sourceTree = "<group>"; };
/* End PBXFileReference section */

/* Begin PBXGroup section */
		008BDC9068BACA63D828A9CA /* ParthS */ = {
			isa = PBXGroup;
			children = (
				DC9B1C929BF16B97AB22C4F1 /* Assets.xcassets */,
				30EE4FF6268F0251624F20C1 /* BiometricGateView.swift */,
				FB7BE2078942903AD7FCCB79 /* ContentView.swift */,
				888A11143C3E72B4C3B2EBFF /* DashboardWebView.swift */,
				A9FAD893C4AEB8C158DC3D76 /* Info.plist */,
				2D573EEF245C0E0C39EEFCC6 /* ParthSApp.swift */,
			);
			path = ParthS;
			sourceTree = "<group>";
		};
		50F9A80F877E7415CC7CA98E /* Products */ = {
			isa = PBXGroup;
			children = (
				D21AABF50B1D28A280C52AFE /* ParthS.app */,
			);
			name = Products;
			sourceTree = "<group>";
		};
		E9910AF9197992D88C53C5D1 = {
			isa = PBXGroup;
			children = (
				008BDC9068BACA63D828A9CA /* ParthS */,
				50F9A80F877E7415CC7CA98E /* Products */,
			);
			sourceTree = "<group>";
		};
/* End PBXGroup section */

/* Begin PBXNativeTarget section */
		7C59289F9F13F3425DC927DB /* ParthS */ = {
			isa = PBXNativeTarget;
			buildConfigurationList = 99E6ED00B99D42FD18FF8638 /* Build configuration list for PBXNativeTarget "ParthS" */;
			buildPhases = (
				ECFCD9643B831BA442AE6974 /* Sources */,
				A20F1EF8B9494001666E6099 /* Resources */,
			);
			buildRules = (
			);
			dependencies = (
			);
			name = ParthS;
			packageProductDependencies = (
			);
			productName = ParthS;
			productReference = D21AABF50B1D28A280C52AFE /* ParthS.app */;
			productType = "com.apple.product-type.application";
		};
/* End PBXNativeTarget section */

/* Begin PBXProject section */
		FA48B1C154D8A4C6E3243E87 /* Project object */ = {
			isa = PBXProject;
			attributes = {
				BuildIndependentTargetsInParallel = YES;
				LastUpgradeCheck = 1430;
				TargetAttributes = {
					7C59289F9F13F3425DC927DB = {
						DevelopmentTeam = "";
					};
				};
			};
			buildConfigurationList = 3013191254673D91F4ED8C63 /* Build configuration list for PBXProject "ParthS" */;
			developmentRegion = en;
			hasScannedForEncodings = 0;
			knownRegions = (
				Base,
				en,
			);
			mainGroup = E9910AF9197992D88C53C5D1;
			minimizedProjectReferenceProxies = 1;
			preferredProjectObjectVersion = 77;
			productRefGroup = 50F9A80F877E7415CC7CA98E /* Products */;
			projectDirPath = "";
			projectRoot = "";
			targets = (
				7C59289F9F13F3425DC927DB /* ParthS */,
			);
		};
/* End PBXProject section */

/* Begin PBXResourcesBuildPhase section */
		A20F1EF8B9494001666E6099 /* Resources */ = {
			isa = PBXResourcesBuildPhase;
			buildActionMask = 2147483647;
			files = (
				B9FDC4496BC4713B224B2281 /* Assets.xcassets in Resources */,
			);
			runOnlyForDeploymentPostprocessing = 0;
		};
/* End PBXResourcesBuildPhase section */

/* Begin PBXSourcesBuildPhase section */
		ECFCD9643B831BA442AE6974 /* Sources */ = {
			isa = PBXSourcesBuildPhase;
			buildActionMask = 2147483647;
			files = (
				CBFA4EAFD7621D94118CAB6D /* BiometricGateView.swift in Sources */,
				07829B78E8E0F2E2A09256BA /* ContentView.swift in Sources */,
				33DDF77AFE07CB34CBBFC317 /* DashboardWebView.swift in Sources */,
				3EBFA28D29FCE6E488DF258A /* ParthSApp.swift in Sources */,
			);
			runOnlyForDeploymentPostprocessing = 0;
		};
/* End PBXSourcesBuildPhase section */

/* Begin XCBuildConfiguration section */
		7FDF85B6B687931DC27E76C5 /* Release */ = {
			isa = XCBuildConfiguration;
			buildSettings = {
				ASSETCATALOG_COMPILER_APPICON_NAME = AppIcon;
				CODE_SIGN_IDENTITY = "iPhone Developer";
				CURRENT_PROJECT_VERSION = 1;
				DEVELOPMENT_TEAM = "";
				INFOPLIST_FILE = ParthS/Info.plist;
				LD_RUNPATH_SEARCH_PATHS = (
					"$(inherited)",
					"@executable_path/Frameworks",
				);
				MARKETING_VERSION = 1.0;
				PRODUCT_BUNDLE_IDENTIFIER = com.parthsharma.ParthS;
				SDKROOT = iphoneos;
				SWIFT_VERSION = 5.0;
				TARGETED_DEVICE_FAMILY = 1;
			};
			name = Release;
		};
		DB76E1F968A371AF0358ADBD /* Debug */ = {
			isa = XCBuildConfiguration;
			buildSettings = {
				ASSETCATALOG_COMPILER_APPICON_NAME = AppIcon;
				CODE_SIGN_IDENTITY = "iPhone Developer";
				CURRENT_PROJECT_VERSION = 1;
				DEVELOPMENT_TEAM = "";
				INFOPLIST_FILE = ParthS/Info.plist;
				LD_RUNPATH_SEARCH_PATHS = (
					"$(inherited)",
					"@executable_path/Frameworks",
				);
				MARKETING_VERSION = 1.0;
				PRODUCT_BUNDLE_IDENTIFIER = com.parthsharma.ParthS;
				SDKROOT = iphoneos;
				SWIFT_VERSION = 5.0;
				TARGETED_DEVICE_FAMILY = 1;
			};
			name = Debug;
		};
		E110B7218F29AC71CD1D3363 /* Release */ = {
			isa = XCBuildConfiguration;
			buildSettings = {
				ALWAYS_SEARCH_USER_PATHS = NO;
				CLANG_ANALYZER_NONNULL = YES;
				CLANG_ANALYZER_NUMBER_OBJECT_CONVERSION = YES_AGGRESSIVE;
				CLANG_CXX_LANGUAGE_STANDARD = "gnu++14";
				CLANG_CXX_LIBRARY = "libc++";
				CLANG_ENABLE_MODULES = YES;
				CLANG_ENABLE_OBJC_ARC = YES;
				CLANG_ENABLE_OBJC_WEAK = YES;
				CLANG_WARN_BLOCK_CAPTURE_AUTORELEASING = YES;
				CLANG_WARN_BOOL_CONVERSION = YES;
				CLANG_WARN_COMMA = YES;
				CLANG_WARN_CONSTANT_CONVERSION = YES;
				CLANG_WARN_DEPRECATED_OBJC_IMPLEMENTATIONS = YES;
				CLANG_WARN_DIRECT_OBJC_ISA_USAGE = YES_ERROR;
				CLANG_WARN_DOCUMENTATION_COMMENTS = YES;
				CLANG_WARN_EMPTY_BODY = YES;
				CLANG_WARN_ENUM_CONVERSION = YES;
				CLANG_WARN_INFINITE_RECURSION = YES;
				CLANG_WARN_INT_CONVERSION = YES;
				CLANG_WARN_NON_LITERAL_NULL_CONVERSION = YES;
				CLANG_WARN_OBJC_IMPLICIT_RETAIN_SELF = YES;
				CLANG_WARN_OBJC_LITERAL_CONVERSION = YES;
				CLANG_WARN_OBJC_ROOT_CLASS = YES_ERROR;
				CLANG_WARN_QUOTED_INCLUDE_IN_FRAMEWORK_HEADER = YES;
				CLANG_WARN_RANGE_LOOP_ANALYSIS = YES;
				CLANG_WARN_STRICT_PROTOTYPES = YES;
				CLANG_WARN_SUSPICIOUS_MOVE = YES;
				CLANG_WARN_UNGUARDED_AVAILABILITY = YES_AGGRESSIVE;
				CLANG_WARN_UNREACHABLE_CODE = YES;
				CLANG_WARN__DUPLICATE_METHOD_MATCH = YES;
				COPY_PHASE_STRIP = NO;
				DEBUG_INFORMATION_FORMAT = "dwarf-with-dsym";
				ENABLE_NS_ASSERTIONS = NO;
				ENABLE_STRICT_OBJC_MSGSEND = YES;
				GCC_C_LANGUAGE_STANDARD = gnu11;
				GCC_NO_COMMON_BLOCKS = YES;
				GCC_WARN_64_TO_32_BIT_CONVERSION = YES;
				GCC_WARN_ABOUT_RETURN_TYPE = YES_ERROR;
				GCC_WARN_UNDECLARED_SELECTOR = YES;
				GCC_WARN_UNINITIALIZED_AUTOS = YES_AGGRESSIVE;
				GCC_WARN_UNUSED_FUNCTION = YES;
				GCC_WARN_UNUSED_VARIABLE = YES;
				IPHONEOS_DEPLOYMENT_TARGET = 17.0;
				MTL_ENABLE_DEBUG_INFO = NO;
				MTL_FAST_MATH = YES;
				PRODUCT_NAME = "$(TARGET_NAME)";
				SDKROOT = iphoneos;
				SWIFT_COMPILATION_MODE = wholemodule;
				SWIFT_OPTIMIZATION_LEVEL = "-O";
				SWIFT_VERSION = 5.0;
			};
			name = Release;
		};
		ECDA2A0166D598EA0744ABD6 /* Debug */ = {
			isa = XCBuildConfiguration;
			buildSettings = {
				ALWAYS_SEARCH_USER_PATHS = NO;
				CLANG_ANALYZER_NONNULL = YES;
				CLANG_ANALYZER_NUMBER_OBJECT_CONVERSION = YES_AGGRESSIVE;
				CLANG_CXX_LANGUAGE_STANDARD = "gnu++14";
				CLANG_CXX_LIBRARY = "libc++";
				CLANG_ENABLE_MODULES = YES;
				CLANG_ENABLE_OBJC_ARC = YES;
				CLANG_ENABLE_OBJC_WEAK = YES;
				CLANG_WARN_BLOCK_CAPTURE_AUTORELEASING = YES;
				CLANG_WARN_BOOL_CONVERSION = YES;
				CLANG_WARN_COMMA = YES;
				CLANG_WARN_CONSTANT_CONVERSION = YES;
				CLANG_WARN_DEPRECATED_OBJC_IMPLEMENTATIONS = YES;
				CLANG_WARN_DIRECT_OBJC_ISA_USAGE = YES_ERROR;
				CLANG_WARN_DOCUMENTATION_COMMENTS = YES;
				CLANG_WARN_EMPTY_BODY = YES;
				CLANG_WARN_ENUM_CONVERSION = YES;
				CLANG_WARN_INFINITE_RECURSION = YES;
				CLANG_WARN_INT_CONVERSION = YES;
				CLANG_WARN_NON_LITERAL_NULL_CONVERSION = YES;
				CLANG_WARN_OBJC_IMPLICIT_RETAIN_SELF = YES;
				CLANG_WARN_OBJC_LITERAL_CONVERSION = YES;
				CLANG_WARN_OBJC_ROOT_CLASS = YES_ERROR;
				CLANG_WARN_QUOTED_INCLUDE_IN_FRAMEWORK_HEADER = YES;
				CLANG_WARN_RANGE_LOOP_ANALYSIS = YES;
				CLANG_WARN_STRICT_PROTOTYPES = YES;
				CLANG_WARN_SUSPICIOUS_MOVE = YES;
				CLANG_WARN_UNGUARDED_AVAILABILITY = YES_AGGRESSIVE;
				CLANG_WARN_UNREACHABLE_CODE = YES;
				CLANG_WARN__DUPLICATE_METHOD_MATCH = YES;
				COPY_PHASE_STRIP = NO;
				DEBUG_INFORMATION_FORMAT = dwarf;
				ENABLE_STRICT_OBJC_MSGSEND = YES;
				ENABLE_TESTABILITY = YES;
				GCC_C_LANGUAGE_STANDARD = gnu11;
				GCC_DYNAMIC_NO_PIC = NO;
				GCC_NO_COMMON_BLOCKS = YES;
				GCC_OPTIMIZATION_LEVEL = 0;
				GCC_PREPROCESSOR_DEFINITIONS = (
					"$(inherited)",
					"DEBUG=1",
				);
				GCC_WARN_64_TO_32_BIT_CONVERSION = YES;
				GCC_WARN_ABOUT_RETURN_TYPE = YES_ERROR;
				GCC_WARN_UNDECLARED_SELECTOR = YES;
				GCC_WARN_UNINITIALIZED_AUTOS = YES_AGGRESSIVE;
				GCC_WARN_UNUSED_FUNCTION = YES;
				GCC_WARN_UNUSED_VARIABLE = YES;
				IPHONEOS_DEPLOYMENT_TARGET = 17.0;
				MTL_ENABLE_DEBUG_INFO = INCLUDE_SOURCE;
				MTL_FAST_MATH = YES;
				ONLY_ACTIVE_ARCH = YES;
				PRODUCT_NAME = "$(TARGET_NAME)";
				SDKROOT = iphoneos;
				SWIFT_ACTIVE_COMPILATION_CONDITIONS = DEBUG;
				SWIFT_OPTIMIZATION_LEVEL = "-Onone";
				SWIFT_VERSION = 5.0;
			};
			name = Debug;
		};
/* End XCBuildConfiguration section */

/* Begin XCConfigurationList section */
		3013191254673D91F4ED8C63 /* Build configuration list for PBXProject "ParthS" */ = {
			isa = XCConfigurationList;
			buildConfigurations = (
				ECDA2A0166D598EA0744ABD6 /* Debug */,
				E110B7218F29AC71CD1D3363 /* Release */,
			);
			defaultConfigurationIsVisible = 0;
			defaultConfigurationName = Debug;
		};
		99E6ED00B99D42FD18FF8638 /* Build configuration list for PBXNativeTarget "ParthS" */ = {
			isa = XCConfigurationList;
			buildConfigurations = (
				DB76E1F968A371AF0358ADBD /* Debug */,
				7FDF85B6B687931DC27E76C5 /* Release */,
			);
			defaultConfigurationIsVisible = 0;
			defaultConfigurationName = Debug;
		};
/* End XCConfigurationList section */
	};
	rootObject = FA48B1C154D8A4C6E3243E87 /* Project object */;
}
